{
  "name": "test-typescript-debug-main",
  "version": "1.0.0",
  "lockfileVersion": 2,
  "requires": true,
  "packages": {
    "": {
      "name": "test-typescript-debug-main",
      "version": "1.0.0",
      "license": "ISC",
      "dependencies": {
        "@alexrr2iggs/test-typescript-debug-dependency": "^1.0.2"
      }
    },
    "node_modules/@alexrr2iggs/test-typescript-debug-dependency": {
      "version": "1.0.2",
      "resolved": "https://npm.pkg.github.com/download/@alexrr2iggs/test-typescript-debug-dependency/1.0.2/43d149516bcd5c54480667fd3166b089acefd634adc19f44cb63891a05ecb8fe",
      "integrity": "sha512-06I580PpvPQOaQGTldBmfdpeRQwGHUMHsvOflB3Jq8iyY6mN/xykwcoYp7A99FoIBoe67fAo4W8X/y0G7GHERw==",
      "license": "ISC"
    }
  },
  "dependencies": {
    "@alexrr2iggs/test-typescript-debug-dependency": {
      "version": "1.0.2",
      "resolved": "https://npm.pkg.github.com/download/@alexrr2iggs/test-typescript-debug-dependency/1.0.2/43d149516bcd5c54480667fd3166b089acefd634adc19f44cb63891a05ecb8fe",
      "integrity": "sha512-06I580PpvPQOaQGTldBmfdpeRQwGHUMHsvOflB3Jq8iyY6mN/xykwcoYp7A99FoIBoe67fAo4W8X/y0G7GHERw=="
    }
  }
}
